
Microsoft Visual Studio Solution File, Format Version 10.00
# Visual Studio 2008
Project("{8BC9CEB8-8B4A-11D0-8D11-00A0C91BC942}") = "nmea解析", "nmea解析\nmea解析.vcproj", "{73539082-2DC7-48A1-9744-EAA189D23782}"
EndProject
Global
	GlobalSection(SolutionConfigurationPlatforms) = preSolution
		Debug|Win32 = Debug|Win32
		Release|Win32 = Release|Win32
	EndGlobalSection
	GlobalSection(ProjectConfigurationPlatforms) = postSolution
		{73539082-2DC7-48A1-9744-EAA189D23782}.Debug|Win32.ActiveCfg = Debug|Win32
		{73539082-2DC7-48A1-9744-EAA189D23782}.Debug|Win32.Build.0 = Debug|Win32
		{73539082-2DC7-48A1-9744-EAA189D23782}.Release|Win32.ActiveCfg = Release|Win32
		{73539082-2DC7-48A1-9744-EAA189D23782}.Release|Win32.Build.0 = Release|Win32
	EndGlobalSection
	GlobalSection(SolutionProperties) = preSolution
		HideSolutionNode = FALSE
	EndGlobalSection
EndGlobal
